// !$*UTF8*$!
{
	archiveVersion = 1;
	classes = {
	};
	objectVersion = 50;
	objects = {

/* Begin PBXBuildFile section */
		09267786225EABCB00906E53 /* CreateMarker.swift in Sources */ = {isa = PBXBuildFile; fileRef = 09267785225EABCB00906E53 /* CreateMarker.swift */; };
		0953CA392256C31200B9338F /* AppDelegate.swift in Sources */ = {isa = PBXBuildFile; fileRef = 0953CA382256C31200B9338F /* AppDelegate.swift */; };
		0953CA3B2256C31200B9338F /* ViewController.swift in Sources */ = {isa = PBXBuildFile; fileRef = 0953CA3A2256C31200B9338F /* ViewController.swift */; };
		0953CA3E2256C31200B9338F /* Main.storyboard in Resources */ = {isa = PBXBuildFile; fileRef = 0953CA3C2256C31200B9338F /* Main.storyboard */; };
		0953CA402256C31400B9338F /* Assets.xcassets in Resources */ = {isa = PBXBuildFile; fileRef = 0953CA3F2256C31400B9338F /* Assets.xcassets */; };
		0953CA432256C31400B9338F /* LaunchScreen.storyboard in Resources */ = {isa = PBXBuildFile; fileRef = 0953CA412256C31400B9338F /* LaunchScreen.storyboard */; };
		0953CA4E2256C31400B9338F /* ARThroughTests.swift in Sources */ = {isa = PBXBuildFile; fileRef = 0953CA4D2256C31400B9338F /* ARThroughTests.swift */; };
		0953CA592256C31400B9338F /* ARThroughUITests.swift in Sources */ = {isa = PBXBuildFile; fileRef = 0953CA582256C31400B9338F /* ARThroughUITests.swift */; };
		0953CA692256C88400B9338F /* sphere.dae in Resources */ = {isa = PBXBuildFile; fileRef = 0953CA682256C88400B9338F /* sphere.dae */; };
		09787A43225BC9ED0005C7B5 /* Marker.swift in Sources */ = {isa = PBXBuildFile; fileRef = 09787A42225BC9ED0005C7B5 /* Marker.swift */; };
		09787A45225BE0130005C7B5 /* CreateMarkerViewController.swift in Sources */ = {isa = PBXBuildFile; fileRef = 09787A44225BE0130005C7B5 /* CreateMarkerViewController.swift */; };
		09787A47225BE1F70005C7B5 /* MarkerBuilder.swift in Sources */ = {isa = PBXBuildFile; fileRef = 09787A46225BE1F70005C7B5 /* MarkerBuilder.swift */; };
		09CDF2ED22652A2B003AE1B7 /* CreateMarker.storyboard in Resources */ = {isa = PBXBuildFile; fileRef = 09CDF2EC22652A2B003AE1B7 /* CreateMarker.storyboard */; };
/* End PBXBuildFile section */

/* Begin PBXContainerItemProxy section */
		0953CA4A2256C31400B9338F /* PBXContainerItemProxy */ = {
			isa = PBXContainerItemProxy;
			containerPortal = 0953CA2D2256C31200B9338F /* Project object */;
			proxyType = 1;
			remoteGlobalIDString = 0953CA342256C31200B9338F;
			remoteInfo = ARThrough;
		};
		0953CA552256C31400B9338F /* PBXContainerItemProxy */ = {
			isa = PBXContainerItemProxy;
			containerPortal = 0953CA2D2256C31200B9338F /* Project object */;
			proxyType = 1;
			remoteGlobalIDString = 0953CA342256C31200B9338F;
			remoteInfo = ARThrough;
		};
/* End PBXContainerItemProxy section */

/* Begin PBXFileReference section */
		09267785225EABCB00906E53 /* CreateMarker.swift */ = {isa = PBXFileReference; lastKnownFileType = sourcecode.swift; path = CreateMarker.swift; sourceTree = "<group>"; };
		0953CA352256C31200B9338F /* ARThrough.app */ = {isa = PBXFileReference; explicitFileType = wrapper.application; includeInIndex = 0; path = ARThrough.app; sourceTree = BUILT_PRODUCTS_DIR; };
		0953CA382256C31200B9338F /* AppDelegate.swift */ = {isa = PBXFileReference; lastKnownFileType = sourcecode.swift; path = AppDelegate.swift; sourceTree = "<group>"; };
		0953CA3A2256C31200B9338F /* ViewController.swift */ = {isa = PBXFileReference; lastKnownFileType = sourcecode.swift; path = ViewController.swift; sourceTree = "<group>"; };
		0953CA3D2256C31200B9338F /* Base */ = {isa = PBXFileReference; lastKnownFileType = file.storyboard; name = Base; path = Base.lproj/Main.storyboard; sourceTree = "<group>"; };
		0953CA3F2256C31400B9338F /* Assets.xcassets */ = {isa = PBXFileReference; lastKnownFileType = folder.assetcatalog; path = Assets.xcassets; sourceTree = "<group>"; };
		0953CA422256C31400B9338F /* Base */ = {isa = PBXFileReference; lastKnownFileType = file.storyboard; name = Base; path = Base.lproj/LaunchScreen.storyboard; sourceTree = "<group>"; };
		0953CA442256C31400B9338F /* Info.plist */ = {isa = PBXFileReference; lastKnownFileType = text.plist.xml; path = Info.plist; sourceTree = "<group>"; };
		0953CA492256C31400B9338F /* ARThroughTests.xctest */ = {isa = PBXFileReference; explicitFileType = wrapper.cfbundle; includeInIndex = 0; path = ARThroughTests.xctest; sourceTree = BUILT_PRODUCTS_DIR; };
		0953CA4D2256C31400B9338F /* ARThroughTests.swift */ = {isa = PBXFileReference; lastKnownFileType = sourcecode.swift; path = ARThroughTests.swift; sourceTree = "<group>"; };
		0953CA4F2256C31400B9338F /* Info.plist */ = {isa = PBXFileReference; lastKnownFileType = text.plist.xml; path = Info.plist; sourceTree = "<group>"; };
		0953CA542256C31400B9338F /* ARThroughUITests.xctest */ = {isa = PBXFileReference; explicitFileType = wrapper.cfbundle; includeInIndex = 0; path = ARThroughUITests.xctest; sourceTree = BUILT_PRODUCTS_DIR; };
		0953CA582256C31400B9338F /* ARThroughUITests.swift */ = {isa = PBXFileReference; lastKnownFileType = sourcecode.swift; path = ARThroughUITests.swift; sourceTree = "<group>"; };
		0953CA5A2256C31400B9338F /* Info.plist */ = {isa = PBXFileReference; lastKnownFileType = text.plist.xml; path = Info.plist; sourceTree = "<group>"; };
		0953CA682256C88400B9338F /* sphere.dae */ = {isa = PBXFileReference; fileEncoding = 4; lastKnownFileType = text.xml.dae; path = sphere.dae; sourceTree = "<group>"; };
		09787A42225BC9ED0005C7B5 /* Marker.swift */ = {isa = PBXFileReference; lastKnownFileType = sourcecode.swift; path = Marker.swift; sourceTree = "<group>"; };
		09787A44225BE0130005C7B5 /* CreateMarkerViewController.swift */ = {isa = PBXFileReference; lastKnownFileType = sourcecode.swift; path = CreateMarkerViewController.swift; sourceTree = "<group>"; };
		09787A46225BE1F70005C7B5 /* MarkerBuilder.swift */ = {isa = PBXFileReference; lastKnownFileType = sourcecode.swift; path = MarkerBuilder.swift; sourceTree = "<group>"; };
		09CDF2EC22652A2B003AE1B7 /* CreateMarker.storyboard */ = {isa = PBXFileReference; lastKnownFileType = file.storyboard; path = CreateMarker.storyboard; sourceTree = "<group>"; };
/* End PBXFileReference section */

/* Begin PBXFrameworksBuildPhase section */
		0953CA322256C31200B9338F /* Frameworks */ = {
			isa = PBXFrameworksBuildPhase;
			buildActionMask = 2147483647;
			files = (
			);
			runOnlyForDeploymentPostprocessing = 0;
		};
		0953CA462256C31400B9338F /* Frameworks */ = {
			isa = PBXFrameworksBuildPhase;
			buildActionMask = 2147483647;
			files = (
			);
			runOnlyForDeploymentPostprocessing = 0;
		};
		0953CA512256C31400B9338F /* Frameworks */ = {
			isa = PBXFrameworksBuildPhase;
			buildActionMask = 2147483647;
			files = (
			);
			runOnlyForDeploymentPostprocessing = 0;
		};
/* End PBXFrameworksBuildPhase section */

/* Begin PBXGroup section */
		0953CA2C2256C31200B9338F = {
			isa = PBXGroup;
			children = (
				0953CA372256C31200B9338F /* ARThrough */,
				0953CA4C2256C31400B9338F /* ARThroughTests */,
				0953CA572256C31400B9338F /* ARThroughUITests */,
				0953CA362256C31200B9338F /* Products */,
			);
			sourceTree = "<group>";
		};
		0953CA362256C31200B9338F /* Products */ = {
			isa = PBXGroup;
			children = (
				0953CA352256C31200B9338F /* ARThrough.app */,
				0953CA492256C31400B9338F /* ARThroughTests.xctest */,
				0953CA542256C31400B9338F /* ARThroughUITests.xctest */,
			);
			name = Products;
			sourceTree = "<group>";
		};
		0953CA372256C31200B9338F /* ARThrough */ = {
			isa = PBXGroup;
			children = (
				0953CA682256C88400B9338F /* sphere.dae */,
				0953CA382256C31200B9338F /* AppDelegate.swift */,
				0953CA3A2256C31200B9338F /* ViewController.swift */,
				0953CA3C2256C31200B9338F /* Main.storyboard */,
				0953CA3F2256C31400B9338F /* Assets.xcassets */,
				0953CA412256C31400B9338F /* LaunchScreen.storyboard */,
				0953CA442256C31400B9338F /* Info.plist */,
				09787A42225BC9ED0005C7B5 /* Marker.swift */,
				09787A44225BE0130005C7B5 /* CreateMarkerViewController.swift */,
				09787A46225BE1F70005C7B5 /* MarkerBuilder.swift */,
				09267785225EABCB00906E53 /* CreateMarker.swift */,
				09CDF2EC22652A2B003AE1B7 /* CreateMarker.storyboard */,
			);
			path = ARThrough;
			sourceTree = "<group>";
		};
		0953CA4C2256C31400B9338F /* ARThroughTests */ = {
			isa = PBXGroup;
			children = (
				0953CA4D2256C31400B9338F /* ARThroughTests.swift */,
				0953CA4F2256C31400B9338F /* Info.plist */,
			);
			path = ARThroughTests;
			sourceTree = "<group>";
		};
		0953CA572256C31400B9338F /* ARThroughUITests */ = {
			isa = PBXGroup;
			children = (
				0953CA582256C31400B9338F /* ARThroughUITests.swift */,
				0953CA5A2256C31400B9338F /* Info.plist */,
			);
			path = ARThroughUITests;
			sourceTree = "<group>";
		};
/* End PBXGroup section */

/* Begin PBXNativeTarget section */
		0953CA342256C31200B9338F /* ARThrough */ = {
			isa = PBXNativeTarget;
			buildConfigurationList = 0953CA5D2256C31400B9338F /* Build configuration list for PBXNativeTarget "ARThrough" */;
			buildPhases = (
				0953CA312256C31200B9338F /* Sources */,
				0953CA322256C31200B9338F /* Frameworks */,
				0953CA332256C31200B9338F /* Resources */,
			);
			buildRules = (
			);
			dependencies = (
			);
			name = ARThrough;
			productName = ARThrough;
			productReference = 0953CA352256C31200B9338F /* ARThrough.app */;
			productType = "com.apple.product-type.application";
		};
		0953CA482256C31400B9338F /* ARThroughTests */ = {
			isa = PBXNativeTarget;
			buildConfigurationList = 0953CA602256C31400B9338F /* Build configuration list for PBXNativeTarget "ARThroughTests" */;
			buildPhases = (
				0953CA452256C31400B9338F /* Sources */,
				0953CA462256C31400B9338F /* Frameworks */,
				0953CA472256C31400B9338F /* Resources */,
			);
			buildRules = (
			);
			dependencies = (
				0953CA4B2256C31400B9338F /* PBXTargetDependency */,
			);
			name = ARThroughTests;
			productName = ARThroughTests;
			productReference = 0953CA492256C31400B9338F /* ARThroughTests.xctest */;
			productType = "com.apple.product-type.bundle.unit-test";
		};
		0953CA532256C31400B9338F /* ARThroughUITests */ = {
			isa = PBXNativeTarget;
			buildConfigurationList = 0953CA632256C31400B9338F /* Build configuration list for PBXNativeTarget "ARThroughUITests" */;
			buildPhases = (
				0953CA502256C31400B9338F /* Sources */,
				0953CA512256C31400B9338F /* Frameworks */,
				0953CA522256C31400B9338F /* Resources */,
			);
			buildRules = (
			);
			dependencies = (
				0953CA562256C31400B9338F /* PBXTargetDependency */,
			);
			name = ARThroughUITests;
			productName = ARThroughUITests;
			productReference = 0953CA542256C31400B9338F /* ARThroughUITests.xctest */;
			productType = "com.apple.product-type.bundle.ui-testing";
		};
/* End PBXNativeTarget section */

/* Begin PBXProject section */
		0953CA2D2256C31200B9338F /* Project object */ = {
			isa = PBXProject;
			attributes = {
				LastSwiftUpdateCheck = 1010;
				LastUpgradeCheck = 1010;
				ORGANIZATIONNAME = "Julian Do";
				TargetAttributes = {
					0953CA342256C31200B9338F = {
						CreatedOnToolsVersion = 10.1;
					};
					0953CA482256C31400B9338F = {
						CreatedOnToolsVersion = 10.1;
						TestTargetID = 0953CA342256C31200B9338F;
					};
					0953CA532256C31400B9338F = {
						CreatedOnToolsVersion = 10.1;
						TestTargetID = 0953CA342256C31200B9338F;
					};
				};
			};
			buildConfigurationList = 0953CA302256C31200B9338F /* Build configuration list for PBXProject "ARThrough" */;
			compatibilityVersion = "Xcode 9.3";
			developmentRegion = en;
			hasScannedForEncodings = 0;
			knownRegions = (
				en,
				Base,
			);
			mainGroup = 0953CA2C2256C31200B9338F;
			productRefGroup = 0953CA362256C31200B9338F /* Products */;
			projectDirPath = "";
			projectRoot = "";
			targets = (
				0953CA342256C31200B9338F /* ARThrough */,
				0953CA482256C31400B9338F /* ARThroughTests */,
				0953CA532256C31400B9338F /* ARThroughUITests */,
			);
		};
/* End PBXProject section */

/* Begin PBXResourcesBuildPhase section */
		0953CA332256C31200B9338F /* Resources */ = {
			isa = PBXResourcesBuildPhase;
			buildActionMask = 2147483647;
			files = (
				0953CA432256C31400B9338F /* LaunchScreen.storyboard in Resources */,
				09CDF2ED22652A2B003AE1B7 /* CreateMarker.storyboard in Resources */,
				0953CA692256C88400B9338F /* sphere.dae in Resources */,
				0953CA402256C31400B9338F /* Assets.xcassets in Resources */,
				0953CA3E2256C31200B9338F /* Main.storyboard in Resources */,
			);
			runOnlyForDeploymentPostprocessing = 0;
		};
		0953CA472256C31400B9338F /* Resources */ = {
			isa = PBXResourcesBuildPhase;
			buildActionMask = 2147483647;
			files = (
			);
			runOnlyForDeploymentPostprocessing = 0;
		};
		0953CA522256C31400B9338F /* Resources */ = {
			isa = PBXResourcesBuildPhase;
			buildActionMask = 2147483647;
			files = (
			);
			runOnlyForDeploymentPostprocessing = 0;
		};
/* End PBXResourcesBuildPhase section */

/* Begin PBXSourcesBuildPhase section */
		0953CA312256C31200B9338F /* Sources */ = {
			isa = PBXSourcesBuildPhase;
			buildActionMask = 2147483647;
			files = (
				09787A45225BE0130005C7B5 /* CreateMarkerViewController.swift in Sources */,
				0953CA3B2256C31200B9338F /* ViewController.swift in Sources */,
				09787A47225BE1F70005C7B5 /* MarkerBuilder.swift in Sources */,
				09267786225EABCB00906E53 /* CreateMarker.swift in Sources */,
				0953CA392256C31200B9338F /* AppDelegate.swift in Sources */,
				09787A43225BC9ED0005C7B5 /* Marker.swift in Sources */,
			);
			runOnlyForDeploymentPostprocessing = 0;
		};
		0953CA452256C31400B9338F /* Sources */ = {
			isa = PBXSourcesBuildPhase;
			buildActionMask = 2147483647;
			files = (
				0953CA4E2256C31400B9338F /* ARThroughTests.swift in Sources */,
			);
			runOnlyForDeploymentPostprocessing = 0;
		};
		0953CA502256C31400B9338F /* Sources */ = {
			isa = PBXSourcesBuildPhase;
			buildActionMask = 2147483647;
			files = (
				0953CA592256C31400B9338F /* ARThroughUITests.swift in Sources */,
			);
			runOnlyForDeploymentPostprocessing = 0;
		};
/* End PBXSourcesBuildPhase section */

/* Begin PBXTargetDependency section */
		0953CA4B2256C31400B9338F /* PBXTargetDependency */ = {
			isa = PBXTargetDependency;
			target = 0953CA342256C31200B9338F /* ARThrough */;
			targetProxy = 0953CA4A2256C31400B9338F /* PBXContainerItemProxy */;
		};
		0953CA562256C31400B9338F /* PBXTargetDependency */ = {
			isa = PBXTargetDependency;
			target = 0953CA342256C31200B9338F /* ARThrough */;
			targetProxy = 0953CA552256C31400B9338F /* PBXContainerItemProxy */;
		};
/* End PBXTargetDependency section */

/* Begin PBXVariantGroup section */
		0953CA3C2256C31200B9338F /* Main.storyboard */ = {
			isa = PBXVariantGroup;
			children = (
				0953CA3D2256C31200B9338F /* Base */,
			);
			name = Main.storyboard;
			sourceTree = "<group>";
		};
		0953CA412256C31400B9338F /* LaunchScreen.storyboard */ = {
			isa = PBXVariantGroup;
			children = (
				0953CA422256C31400B9338F /* Base */,
			);
			name = LaunchScreen.storyboard;
			sourceTree = "<group>";
		};
/* End PBXVariantGroup section */

/* Begin XCBuildConfiguration section */
		0953CA5B2256C31400B9338F /* Debug */ = {
			isa = XCBuildConfiguration;
			buildSettings = {
				ALWAYS_SEARCH_USER_PATHS = NO;
				CLANG_ANALYZER_NONNULL = YES;
				CLANG_ANALYZER_NUMBER_OBJECT_CONVERSION = YES_AGGRESSIVE;
				CLANG_CXX_LANGUAGE_STANDARD = "gnu++14";
				CLANG_CXX_LIBRARY = "libc++";
				CLANG_ENABLE_MODULES = YES;
				CLANG_ENABLE_OBJC_ARC = YES;
				CLANG_ENABLE_OBJC_WEAK = YES;
				CLANG_WARN_BLOCK_CAPTURE_AUTORELEASING = YES;
				CLANG_WARN_BOOL_CONVERSION = YES;
				CLANG_WARN_COMMA = YES;
				CLANG_WARN_CONSTANT_CONVERSION = YES;
				CLANG_WARN_DEPRECATED_OBJC_IMPLEMENTATIONS = YES;
				CLANG_WARN_DIRECT_OBJC_ISA_USAGE = YES_ERROR;
				CLANG_WARN_DOCUMENTATION_COMMENTS = YES;
				CLANG_WARN_EMPTY_BODY = YES;
				CLANG_WARN_ENUM_CONVERSION = YES;
				CLANG_WARN_INFINITE_RECURSION = YES;
				CLANG_WARN_INT_CONVERSION = YES;
				CLANG_WARN_NON_LITERAL_NULL_CONVERSION = YES;
				CLANG_WARN_OBJC_IMPLICIT_RETAIN_SELF = YES;
				CLANG_WARN_OBJC_LITERAL_CONVERSION = YES;
				CLANG_WARN_OBJC_ROOT_CLASS = YES_ERROR;
				CLANG_WARN_RANGE_LOOP_ANALYSIS = YES;
				CLANG_WARN_STRICT_PROTOTYPES = YES;
				CLANG_WARN_SUSPICIOUS_MOVE = YES;
				CLANG_WARN_UNGUARDED_AVAILABILITY = YES_AGGRESSIVE;
				CLANG_WARN_UNREACHABLE_CODE = YES;
				CLANG_WARN__DUPLICATE_METHOD_MATCH = YES;
				CODE_SIGN_IDENTITY = "iPhone Developer";
				COPY_PHASE_STRIP = NO;
				DEBUG_INFORMATION_FORMAT = dwarf;
				ENABLE_STRICT_OBJC_MSGSEND = YES;
				ENABLE_TESTABILITY = YES;
				GCC_C_LANGUAGE_STANDARD = gnu11;
				GCC_DYNAMIC_NO_PIC = NO;
				GCC_NO_COMMON_BLOCKS = YES;
				GCC_OPTIMIZATION_LEVEL = 0;
				GCC_PREPROCESSOR_DEFINITIONS = (
					"DEBUG=1",
					"$(inherited)",
				);
				GCC_WARN_64_TO_32_BIT_CONVERSION = YES;
				GCC_WARN_ABOUT_RETURN_TYPE = YES_ERROR;
				GCC_WARN_UNDECLARED_SELECTOR = YES;
				GCC_WARN_UNINITIALIZED_AUTOS = YES_AGGRESSIVE;
				GCC_WARN_UNUSED_FUNCTION = YES;
				GCC_WARN_UNUSED_VARIABLE = YES;
				IPHONEOS_DEPLOYMENT_TARGET = 12.1;
				MTL_ENABLE_DEBUG_INFO = INCLUDE_SOURCE;
				MTL_FAST_MATH = YES;
				ONLY_ACTIVE_ARCH = YES;
				SDKROOT = iphoneos;
				SWIFT_ACTIVE_COMPILATION_CONDITIONS = DEBUG;
				SWIFT_OPTIMIZATION_LEVEL = "-Onone";
			};
			name = Debug;
		};
		0953CA5C2256C31400B9338F /* Release */ = {
			isa = XCBuildConfiguration;
			buildSettings = {
				ALWAYS_SEARCH_USER_PATHS = NO;
				CLANG_ANALYZER_NONNULL = YES;
				CLANG_ANALYZER_NUMBER_OBJECT_CONVERSION = YES_AGGRESSIVE;
				CLANG_CXX_LANGUAGE_STANDARD = "gnu++14";
				CLANG_CXX_LIBRARY = "libc++";
				CLANG_ENABLE_MODULES = YES;
				CLANG_ENABLE_OBJC_ARC = YES;
				CLANG_ENABLE_OBJC_WEAK = YES;
				CLANG_WARN_BLOCK_CAPTURE_AUTORELEASING = YES;
				CLANG_WARN_BOOL_CONVERSION = YES;
				CLANG_WARN_COMMA = YES;
				CLANG_WARN_CONSTANT_CONVERSION = YES;
				CLANG_WARN_DEPRECATED_OBJC_IMPLEMENTATIONS = YES;
				CLANG_WARN_DIRECT_OBJC_ISA_USAGE = YES_ERROR;
				CLANG_WARN_DOCUMENTATION_COMMENTS = YES;
				CLANG_WARN_EMPTY_BODY = YES;
				CLANG_WARN_ENUM_CONVERSION = YES;
				CLANG_WARN_INFINITE_RECURSION = YES;
				CLANG_WARN_INT_CONVERSION = YES;
				CLANG_WARN_NON_LITERAL_NULL_CONVERSION = YES;
				CLANG_WARN_OBJC_IMPLICIT_RETAIN_SELF = YES;
				CLANG_WARN_OBJC_LITERAL_CONVERSION = YES;
				CLANG_WARN_OBJC_ROOT_CLASS = YES_ERROR;
				CLANG_WARN_RANGE_LOOP_ANALYSIS = YES;
				CLANG_WARN_STRICT_PROTOTYPES = YES;
				CLANG_WARN_SUSPICIOUS_MOVE = YES;
				CLANG_WARN_UNGUARDED_AVAILABILITY = YES_AGGRESSIVE;
				CLANG_WARN_UNREACHABLE_CODE = YES;
				CLANG_WARN__DUPLICATE_METHOD_MATCH = YES;
				CODE_SIGN_IDENTITY = "iPhone Developer";
				COPY_PHASE_STRIP = NO;
				DEBUG_INFORMATION_FORMAT = "dwarf-with-dsym";
				ENABLE_NS_ASSERTIONS = NO;
				ENABLE_STRICT_OBJC_MSGSEND = YES;
				GCC_C_LANGUAGE_STANDARD = gnu11;
				GCC_NO_COMMON_BLOCKS = YES;
				GCC_WARN_64_TO_32_BIT_CONVERSION = YES;
				GCC_WARN_ABOUT_RETURN_TYPE = YES_ERROR;
				GCC_WARN_UNDECLARED_SELECTOR = YES;
				GCC_WARN_UNINITIALIZED_AUTOS = YES_AGGRESSIVE;
				GCC_WARN_UNUSED_FUNCTION = YES;
				GCC_WARN_UNUSED_VARIABLE = YES;
				IPHONEOS_DEPLOYMENT_TARGET = 12.1;
				MTL_ENABLE_DEBUG_INFO = NO;
				MTL_FAST_MATH = YES;
				SDKROOT = iphoneos;
				SWIFT_COMPILATION_MODE = wholemodule;
				SWIFT_OPTIMIZATION_LEVEL = "-O";
				VALIDATE_PRODUCT = YES;
			};
			name = Release;
		};
		0953CA5E2256C31400B9338F /* Debug */ = {
			isa = XCBuildConfiguration;
			buildSettings = {
				ASSETCATALOG_COMPILER_APPICON_NAME = AppIcon;
				CODE_SIGN_STYLE = Automatic;
				DEVELOPMENT_TEAM = 68N2W4HFU4;
				INFOPLIST_FILE = ARThrough/Info.plist;
				LD_RUNPATH_SEARCH_PATHS = (
					"$(inherited)",
					"@executable_path/Frameworks",
				);
				PRODUCT_BUNDLE_IDENTIFIER = GIMM.ARThrough;
				PRODUCT_NAME = "$(TARGET_NAME)";
				SWIFT_VERSION = 4.2;
				TARGETED_DEVICE_FAMILY = "1,2";
			};
			name = Debug;
		};
		0953CA5F2256C31400B9338F /* Release */ = {
			isa = XCBuildConfiguration;
			buildSettings = {
				ASSETCATALOG_COMPILER_APPICON_NAME = AppIcon;
				CODE_SIGN_STYLE = Automatic;
				DEVELOPMENT_TEAM = 68N2W4HFU4;
				INFOPLIST_FILE = ARThrough/Info.plist;
				LD_RUNPATH_SEARCH_PATHS = (
					"$(inherited)",
					"@executable_path/Frameworks",
				);
				PRODUCT_BUNDLE_IDENTIFIER = GIMM.ARThrough;
				PRODUCT_NAME = "$(TARGET_NAME)";
				SWIFT_VERSION = 4.2;
				TARGETED_DEVICE_FAMILY = "1,2";
			};
			name = Release;
		};
		0953CA612256C31400B9338F /* Debug */ = {
			isa = XCBuildConfiguration;
			buildSettings = {
				ALWAYS_EMBED_SWIFT_STANDARD_LIBRARIES = YES;
				BUNDLE_LOADER = "$(TEST_HOST)";
				CODE_SIGN_STYLE = Automatic;
				DEVELOPMENT_TEAM = 68N2W4HFU4;
				INFOPLIST_FILE = ARThroughTests/Info.plist;
				LD_RUNPATH_SEARCH_PATHS = (
					"$(inherited)",
					"@executable_path/Frameworks",
					"@loader_path/Frameworks",
				);
				PRODUCT_BUNDLE_IDENTIFIER = GIMM.ARThroughTests;
				PRODUCT_NAME = "$(TARGET_NAME)";
				SWIFT_VERSION = 4.2;
				TARGETED_DEVICE_FAMILY = "1,2";
				TEST_HOST = "$(BUILT_PRODUCTS_DIR)/ARThrough.app/ARThrough";
			};
			name = Debug;
		};
		0953CA622256C31400B9338F /* Release */ = {
			isa = XCBuildConfiguration;
			buildSettings = {
				ALWAYS_EMBED_SWIFT_STANDARD_LIBRARIES = YES;
				BUNDLE_LOADER = "$(TEST_HOST)";
				CODE_SIGN_STYLE = Automatic;
				DEVELOPMENT_TEAM = 68N2W4HFU4;
				INFOPLIST_FILE = ARThroughTests/Info.plist;
				LD_RUNPATH_SEARCH_PATHS = (
					"$(inherited)",
					"@executable_path/Frameworks",
					"@loader_path/Frameworks",
				);
				PRODUCT_BUNDLE_IDENTIFIER = GIMM.ARThroughTests;
				PRODUCT_NAME = "$(TARGET_NAME)";
				SWIFT_VERSION = 4.2;
				TARGETED_DEVICE_FAMILY = "1,2";
				TEST_HOST = "$(BUILT_PRODUCTS_DIR)/ARThrough.app/ARThrough";
			};
			name = Release;
		};
		0953CA642256C31400B9338F /* Debug */ = {
			isa = XCBuildConfiguration;
			buildSettings = {
				ALWAYS_EMBED_SWIFT_STANDARD_LIBRARIES = YES;
				CODE_SIGN_STYLE = Automatic;
				DEVELOPMENT_TEAM = 68N2W4HFU4;
				INFOPLIST_FILE = ARThroughUITests/Info.plist;
				LD_RUNPATH_SEARCH_PATHS = (
					"$(inherited)",
					"@executable_path/Frameworks",
					"@loader_path/Frameworks",
				);
				PRODUCT_BUNDLE_IDENTIFIER = GIMM.ARThroughUITests;
				PRODUCT_NAME = "$(TARGET_NAME)";
				SWIFT_VERSION = 4.2;
				TARGETED_DEVICE_FAMILY = "1,2";
				TEST_TARGET_NAME = ARThrough;
			};
			name = Debug;
		};
		0953CA652256C31400B9338F /* Release */ = {
			isa = XCBuildConfiguration;
			buildSettings = {
				ALWAYS_EMBED_SWIFT_STANDARD_LIBRARIES = YES;
				CODE_SIGN_STYLE = Automatic;
				DEVELOPMENT_TEAM = 68N2W4HFU4;
				INFOPLIST_FILE = ARThroughUITests/Info.plist;
				LD_RUNPATH_SEARCH_PATHS = (
					"$(inherited)",
					"@executable_path/Frameworks",
					"@loader_path/Frameworks",
				);
				PRODUCT_BUNDLE_IDENTIFIER = GIMM.ARThroughUITests;
				PRODUCT_NAME = "$(TARGET_NAME)";
				SWIFT_VERSION = 4.2;
				TARGETED_DEVICE_FAMILY = "1,2";
				TEST_TARGET_NAME = ARThrough;
			};
			name = Release;
		};
/* End XCBuildConfiguration section */

/* Begin XCConfigurationList section */
		0953CA302256C31200B9338F /* Build configuration list for PBXProject "ARThrough" */ = {
			isa = XCConfigurationList;
			buildConfigurations = (
				0953CA5B2256C31400B9338F /* Debug */,
				0953CA5C2256C31400B9338F /* Release */,
			);
			defaultConfigurationIsVisible = 0;
			defaultConfigurationName = Release;
		};
		0953CA5D2256C31400B9338F /* Build configuration list for PBXNativeTarget "ARThrough" */ = {
			isa = XCConfigurationList;
			buildConfigurations = (
				0953CA5E2256C31400B9338F /* Debug */,
				0953CA5F2256C31400B9338F /* Release */,
			);
			defaultConfigurationIsVisible = 0;
			defaultConfigurationName = Release;
		};
		0953CA602256C31400B9338F /* Build configuration list for PBXNativeTarget "ARThroughTests" */ = {
			isa = XCConfigurationList;
			buildConfigurations = (
				0953CA612256C31400B9338F /* Debug */,
				0953CA622256C31400B9338F /* Release */,
			);
			defaultConfigurationIsVisible = 0;
			defaultConfigurationName = Release;
		};
		0953CA632256C31400B9338F /* Build configuration list for PBXNativeTarget "ARThroughUITests" */ = {
			isa = XCConfigurationList;
			buildConfigurations = (
				0953CA642256C31400B9338F /* Debug */,
				0953CA652256C31400B9338F /* Release */,
			);
			defaultConfigurationIsVisible = 0;
			defaultConfigurationName = Release;
		};
/* End XCConfigurationList section */
	};
	rootObject = 0953CA2D2256C31200B9338F /* Project object */;
}
